
Microsoft Visual Studio Solution File, Format Version 12.00
# Visual Studio Version 16
VisualStudioVersion = 16.0.31424.327
MinimumVisualStudioVersion = 10.0.40219.1
Project("{9A19103F-16F7-4668-BE54-9A1E7A4F7556}") = "DesktopClient", "DesktopClient\DesktopClient.csproj", "{CA4EFC5D-7BA2-4F9F-893D-643F53C3E14D}"
EndProject
Project("{9A19103F-16F7-4668-BE54-9A1E7A4F7556}") = "Domain", "Domain\Domain.csproj", "{A79353F6-6E80-404C-ABD5-2DADA6D6D8C5}"
EndProject
Project("{9A19103F-16F7-4668-BE54-9A1E7A4F7556}") = "DataAccess", "DataAccess\DataAccess.csproj", "{96EA19EB-9C59-4A25-99F3-84D9B73784D7}"
EndProject
Project("{9A19103F-16F7-4668-BE54-9A1E7A4F7556}") = "SalesStatistics.DataAccess.Tests", "SalesStatistics.DataAccess.Tests\SalesStatistics.DataAccess.Tests.csproj", "{FF8CB6BA-BE33-4249-9DAE-EE251BE42DE0}"
EndProject
Global
	GlobalSection(SolutionConfigurationPlatforms) = preSolution
		Debug|Any CPU = Debug|Any CPU
		Release|Any CPU = Release|Any CPU
	EndGlobalSection
	GlobalSection(ProjectConfigurationPlatforms) = postSolution
		{CA4EFC5D-7BA2-4F9F-893D-643F53C3E14D}.Debug|Any CPU.ActiveCfg = Debug|Any CPU
		{CA4EFC5D-7BA2-4F9F-893D-643F53C3E14D}.Debug|Any CPU.Build.0 = Debug|Any CPU
		{CA4EFC5D-7BA2-4F9F-893D-643F53C3E14D}.Release|Any CPU.ActiveCfg = Release|Any CPU
		{CA4EFC5D-7BA2-4F9F-893D-643F53C3E14D}.Release|Any CPU.Build.0 = Release|Any CPU
		{A79353F6-6E80-404C-ABD5-2DADA6D6D8C5}.Debug|Any CPU.ActiveCfg = Debug|Any CPU
		{A79353F6-6E80-404C-ABD5-2DADA6D6D8C5}.Debug|Any CPU.Build.0 = Debug|Any CPU
		{A79353F6-6E80-404C-ABD5-2DADA6D6D8C5}.Release|Any CPU.ActiveCfg = Release|Any CPU
		{A79353F6-6E80-404C-ABD5-2DADA6D6D8C5}.Release|Any CPU.Build.0 = Release|Any CPU
		{96EA19EB-9C59-4A25-99F3-84D9B73784D7}.Debug|Any CPU.ActiveCfg = Debug|Any CPU
		{96EA19EB-9C59-4A25-99F3-84D9B73784D7}.Debug|Any CPU.Build.0 = Debug|Any CPU
		{96EA19EB-9C59-4A25-99F3-84D9B73784D7}.Release|Any CPU.ActiveCfg = Release|Any CPU
		{96EA19EB-9C59-4A25-99F3-84D9B73784D7}.Release|Any CPU.Build.0 = Release|Any CPU
		{FF8CB6BA-BE33-4249-9DAE-EE251BE42DE0}.Debug|Any CPU.ActiveCfg = Debug|Any CPU
		{FF8CB6BA-BE33-4249-9DAE-EE251BE42DE0}.Debug|Any CPU.Build.0 = Debug|Any CPU
		{FF8CB6BA-BE33-4249-9DAE-EE251BE42DE0}.Release|Any CPU.ActiveCfg = Release|Any CPU
		{FF8CB6BA-BE33-4249-9DAE-EE251BE42DE0}.Release|Any CPU.Build.0 = Release|Any CPU
	EndGlobalSection
	GlobalSection(SolutionProperties) = preSolution
		HideSolutionNode = FALSE
	EndGlobalSection
	GlobalSection(ExtensibilityGlobals) = postSolution
		SolutionGuid = {2EEF4828-E600-4C6D-B596-72B336D5FB60}
	EndGlobalSection
EndGlobal
