
Microsoft Visual Studio Solution File, Format Version 12.00
# Visual Studio Version 17
VisualStudioVersion = 17.0.31912.275
MinimumVisualStudioVersion = 10.0.40219.1
Project("{9A19103F-16F7-4668-BE54-9A1E7A4F7556}") = "DemoConsoleReader", "DemoConsoleReader.csproj", "{64CB4806-8CCC-4BFE-86DA-373116EDAF39}"
EndProject
Project("{FAE04EC0-301F-11D3-BF4B-00C04F79EFBC}") = "DemoConsoleReaderTests", "..\DemoConsoleReaderTests\DemoConsoleReaderTests.csproj", "{C040711B-D8DB-42C1-A45F-A9B851A4DC98}"
EndProject
Global
	GlobalSection(SolutionConfigurationPlatforms) = preSolution
		Debug|Any CPU = Debug|Any CPU
		Release|Any CPU = Release|Any CPU
	EndGlobalSection
	GlobalSection(ProjectConfigurationPlatforms) = postSolution
		{64CB4806-8CCC-4BFE-86DA-373116EDAF39}.Debug|Any CPU.ActiveCfg = Debug|Any CPU
		{64CB4806-8CCC-4BFE-86DA-373116EDAF39}.Debug|Any CPU.Build.0 = Debug|Any CPU
		{64CB4806-8CCC-4BFE-86DA-373116EDAF39}.Release|Any CPU.ActiveCfg = Release|Any CPU
		{64CB4806-8CCC-4BFE-86DA-373116EDAF39}.Release|Any CPU.Build.0 = Release|Any CPU
		{C040711B-D8DB-42C1-A45F-A9B851A4DC98}.Debug|Any CPU.ActiveCfg = Debug|Any CPU
		{C040711B-D8DB-42C1-A45F-A9B851A4DC98}.Debug|Any CPU.Build.0 = Debug|Any CPU
		{C040711B-D8DB-42C1-A45F-A9B851A4DC98}.Release|Any CPU.ActiveCfg = Release|Any CPU
		{C040711B-D8DB-42C1-A45F-A9B851A4DC98}.Release|Any CPU.Build.0 = Release|Any CPU
	EndGlobalSection
	GlobalSection(SolutionProperties) = preSolution
		HideSolutionNode = FALSE
	EndGlobalSection
	GlobalSection(ExtensibilityGlobals) = postSolution
		SolutionGuid = {B3E91620-AE50-4F72-B619-81C815EB28E6}
	EndGlobalSection
EndGlobal
